version = 1
revision = 3
requires-python = ">=3.14"

[[package]]
name = "merge-front-back"
version = "1.0.0"
source = { editable = "." }
dependencies = [
    { name = "pypdf" },
]

[package.metadata]
requires-dist = [{ name = "pypdf", specifier = ">=4.0.0" }]

[[package]]
name = "pypdf"
version = "6.2.0"
source = { registry = "https://pypi.org/simple" }
sdist = { url = "https://files.pythonhosted.org/packages/4e/2b/8795ec0378384000b0a37a2b5e6d67fa3d84802945aa2c612a78a784d7d4/pypdf-6.2.0.tar.gz", hash = "sha256:46b4d8495d68ae9c818e7964853cd9984e6a04c19fe7112760195395992dce48", size = 5272001, upload-time = "2025-11-09T11:10:41.911Z" }
wheels = [
    { url = "https://files.pythonhosted.org/packages/de/ba/743ddcaf1a8fb439342399645921e2cf2c600464cba5531a11f1cc0822b6/pypdf-6.2.0-py3-none-any.whl", hash = "sha256:4c0f3e62677217a777ab79abe22bf1285442d70efabf552f61c7a03b6f5c569f", size = 326592, upload-time = "2025-11-09T11:10:39.941Z" },
]
